// !$*UTF8*$!
{
	archiveVersion = 1;
	classes = {
	};
	objectVersion = 48;
	objects = {

/* Begin PBXBuildFile section */
		6691E9A724A4F8B70005A233 /* Definitions.swift in Sources */ = {isa = PBXBuildFile; fileRef = 6691E9A624A4F8B70005A233 /* Definitions.swift */; };
		6691E9AB24A4F8E00005A233 /* PickerView.swift in Sources */ = {isa = PBXBuildFile; fileRef = 6691E9AA24A4F8E00005A233 /* PickerView.swift */; };
		6691E9AD24A4F8EF0005A233 /* PickerViewManager.swift in Sources */ = {isa = PBXBuildFile; fileRef = 6691E9AC24A4F8EF0005A233 /* PickerViewManager.swift */; };
		6691E9AF24A4F9050005A233 /* PickerViewManager.m in Sources */ = {isa = PBXBuildFile; fileRef = 6691E9AE24A4F9050005A233 /* PickerViewManager.m */; };
/* End PBXBuildFile section */

/* Begin PBXCopyFilesBuildPhase section */
		71D8F37A1FB7A97B0000973C /* CopyFiles */ = {
			isa = PBXCopyFilesBuildPhase;
			buildActionMask = 2147483647;
			dstPath = "include/$(PRODUCT_NAME)";
			dstSubfolderSpec = 16;
			files = (
			);
			runOnlyForDeploymentPostprocessing = 0;
		};
/* End PBXCopyFilesBuildPhase section */

/* Begin PBXFileReference section */
		6691E9A624A4F8B70005A233 /* Definitions.swift */ = {isa = PBXFileReference; lastKnownFileType = sourcecode.swift; path = Definitions.swift; sourceTree = "<group>"; };
		6691E9AA24A4F8E00005A233 /* PickerView.swift */ = {isa = PBXFileReference; lastKnownFileType = sourcecode.swift; path = PickerView.swift; sourceTree = "<group>"; };
		6691E9AC24A4F8EF0005A233 /* PickerViewManager.swift */ = {isa = PBXFileReference; lastKnownFileType = sourcecode.swift; path = PickerViewManager.swift; sourceTree = "<group>"; };
		6691E9AE24A4F9050005A233 /* PickerViewManager.m */ = {isa = PBXFileReference; lastKnownFileType = sourcecode.c.objc; path = PickerViewManager.m; sourceTree = "<group>"; };
		6691E9B124A4FA480005A233 /* RN-Bridging-Header.h */ = {isa = PBXFileReference; lastKnownFileType = sourcecode.c.h; path = "RN-Bridging-Header.h"; sourceTree = "<group>"; };
		71D8F37C1FB7A97B0000973C /* libRNSegmentedPicker.a */ = {isa = PBXFileReference; explicitFileType = archive.ar; includeInIndex = 0; path = libRNSegmentedPicker.a; sourceTree = BUILT_PRODUCTS_DIR; };
/* End PBXFileReference section */

/* Begin PBXFrameworksBuildPhase section */
		71D8F3791FB7A97B0000973C /* Frameworks */ = {
			isa = PBXFrameworksBuildPhase;
			buildActionMask = 2147483647;
			files = (
			);
			runOnlyForDeploymentPostprocessing = 0;
		};
/* End PBXFrameworksBuildPhase section */

/* Begin PBXGroup section */
		71D8F3731FB7A97B0000973C = {
			isa = PBXGroup;
			children = (
				6691E9A624A4F8B70005A233 /* Definitions.swift */,
				6691E9AA24A4F8E00005A233 /* PickerView.swift */,
				6691E9AE24A4F9050005A233 /* PickerViewManager.m */,
				6691E9AC24A4F8EF0005A233 /* PickerViewManager.swift */,
				6691E9B124A4FA480005A233 /* RN-Bridging-Header.h */,
				71D8F37D1FB7A97B0000973C /* Products */,
			);
			sourceTree = "<group>";
		};
		71D8F37D1FB7A97B0000973C /* Products */ = {
			isa = PBXGroup;
			children = (
				71D8F37C1FB7A97B0000973C /* libRNSegmentedPicker.a */,
			);
			name = Products;
			sourceTree = "<group>";
		};
/* End PBXGroup section */

/* Begin PBXNativeTarget section */
		71D8F37B1FB7A97B0000973C /* RNSegmentedPicker */ = {
			isa = PBXNativeTarget;
			buildConfigurationList = 71D8F3851FB7A97B0000973C /* Build configuration list for PBXNativeTarget "RNSegmentedPicker" */;
			buildPhases = (
				71D8F3781FB7A97B0000973C /* Sources */,
				71D8F3791FB7A97B0000973C /* Frameworks */,
				71D8F37A1FB7A97B0000973C /* CopyFiles */,
			);
			buildRules = (
			);
			dependencies = (
			);
			name = RNSegmentedPicker;
			productName = RNSegmentedPicker;
			productReference = 71D8F37C1FB7A97B0000973C /* libRNSegmentedPicker.a */;
			productType = "com.apple.product-type.library.static";
		};
/* End PBXNativeTarget section */

/* Begin PBXProject section */
		71D8F3741FB7A97B0000973C /* Project object */ = {
			isa = PBXProject;
			attributes = {
				LastUpgradeCheck = 920;
				ORGANIZATIONNAME = "Ray Deck";
				TargetAttributes = {
					71D8F37B1FB7A97B0000973C = {
						CreatedOnToolsVersion = 9.2;
						LastSwiftMigration = 920;
						ProvisioningStyle = Automatic;
					};
				};
			};
			buildConfigurationList = 71D8F3771FB7A97B0000973C /* Build configuration list for PBXProject "RNSegmentedPicker" */;
			compatibilityVersion = "Xcode 8.0";
			developmentRegion = en;
			hasScannedForEncodings = 0;
			knownRegions = (
				en,
			);
			mainGroup = 71D8F3731FB7A97B0000973C;
			productRefGroup = 71D8F37D1FB7A97B0000973C /* Products */;
			projectDirPath = "";
			projectRoot = "";
			targets = (
				71D8F37B1FB7A97B0000973C /* RNSegmentedPicker */,
			);
		};
/* End PBXProject section */

/* Begin PBXSourcesBuildPhase section */
		71D8F3781FB7A97B0000973C /* Sources */ = {
			isa = PBXSourcesBuildPhase;
			buildActionMask = 2147483647;
			files = (
				6691E9AB24A4F8E00005A233 /* PickerView.swift in Sources */,
				6691E9A724A4F8B70005A233 /* Definitions.swift in Sources */,
				6691E9AF24A4F9050005A233 /* PickerViewManager.m in Sources */,
				6691E9AD24A4F8EF0005A233 /* PickerViewManager.swift in Sources */,
			);
			runOnlyForDeploymentPostprocessing = 0;
		};
/* End PBXSourcesBuildPhase section */

/* Begin XCBuildConfiguration section */
		71D8F3831FB7A97B0000973C /* Debug */ = {
			isa = XCBuildConfiguration;
			buildSettings = {
				ALWAYS_SEARCH_USER_PATHS = NO;
				CLANG_ANALYZER_NONNULL = YES;
				CLANG_ANALYZER_NUMBER_OBJECT_CONVERSION = YES_AGGRESSIVE;
				CLANG_CXX_LANGUAGE_STANDARD = "gnu++14";
				CLANG_CXX_LIBRARY = "libc++";
				CLANG_ENABLE_MODULES = YES;
				CLANG_ENABLE_OBJC_ARC = YES;
				CLANG_WARN_BLOCK_CAPTURE_AUTORELEASING = YES;
				CLANG_WARN_BOOL_CONVERSION = YES;
				CLANG_WARN_COMMA = YES;
				CLANG_WARN_CONSTANT_CONVERSION = YES;
				CLANG_WARN_DIRECT_OBJC_ISA_USAGE = YES_ERROR;
				CLANG_WARN_DOCUMENTATION_COMMENTS = YES;
				CLANG_WARN_EMPTY_BODY = YES;
				CLANG_WARN_ENUM_CONVERSION = YES;
				CLANG_WARN_INFINITE_RECURSION = YES;
				CLANG_WARN_INT_CONVERSION = YES;
				CLANG_WARN_NON_LITERAL_NULL_CONVERSION = YES;
				CLANG_WARN_OBJC_LITERAL_CONVERSION = YES;
				CLANG_WARN_OBJC_ROOT_CLASS = YES_ERROR;
				CLANG_WARN_RANGE_LOOP_ANALYSIS = YES;
				CLANG_WARN_STRICT_PROTOTYPES = YES;
				CLANG_WARN_SUSPICIOUS_MOVE = YES;
				CLANG_WARN_UNGUARDED_AVAILABILITY = YES_AGGRESSIVE;
				CLANG_WARN_UNREACHABLE_CODE = YES;
				CLANG_WARN__DUPLICATE_METHOD_MATCH = YES;
				CODE_SIGN_IDENTITY = "iPhone Developer";
				COPY_PHASE_STRIP = NO;
				DEBUG_INFORMATION_FORMAT = dwarf;
				ENABLE_STRICT_OBJC_MSGSEND = YES;
				ENABLE_TESTABILITY = YES;
				GCC_C_LANGUAGE_STANDARD = gnu11;
				GCC_DYNAMIC_NO_PIC = NO;
				GCC_NO_COMMON_BLOCKS = YES;
				GCC_OPTIMIZATION_LEVEL = 0;
				GCC_PREPROCESSOR_DEFINITIONS = (
					"DEBUG=1",
					"$(inherited)",
				);
				GCC_WARN_64_TO_32_BIT_CONVERSION = YES;
				GCC_WARN_ABOUT_RETURN_TYPE = YES_ERROR;
				GCC_WARN_UNDECLARED_SELECTOR = YES;
				GCC_WARN_UNINITIALIZED_AUTOS = YES_AGGRESSIVE;
				GCC_WARN_UNUSED_FUNCTION = YES;
				GCC_WARN_UNUSED_VARIABLE = YES;
				IPHONEOS_DEPLOYMENT_TARGET = 9.0;
				MTL_ENABLE_DEBUG_INFO = YES;
				ONLY_ACTIVE_ARCH = YES;
				SDKROOT = iphoneos;
			};
			name = Debug;
		};
		71D8F3841FB7A97B0000973C /* Release */ = {
			isa = XCBuildConfiguration;
			buildSettings = {
				ALWAYS_SEARCH_USER_PATHS = NO;
				CLANG_ANALYZER_NONNULL = YES;
				CLANG_ANALYZER_NUMBER_OBJECT_CONVERSION = YES_AGGRESSIVE;
				CLANG_CXX_LANGUAGE_STANDARD = "gnu++14";
				CLANG_CXX_LIBRARY = "libc++";
				CLANG_ENABLE_MODULES = YES;
				CLANG_ENABLE_OBJC_ARC = YES;
				CLANG_WARN_BLOCK_CAPTURE_AUTORELEASING = YES;
				CLANG_WARN_BOOL_CONVERSION = YES;
				CLANG_WARN_COMMA = YES;
				CLANG_WARN_CONSTANT_CONVERSION = YES;
				CLANG_WARN_DIRECT_OBJC_ISA_USAGE = YES_ERROR;
				CLANG_WARN_DOCUMENTATION_COMMENTS = YES;
				CLANG_WARN_EMPTY_BODY = YES;
				CLANG_WARN_ENUM_CONVERSION = YES;
				CLANG_WARN_INFINITE_RECURSION = YES;
				CLANG_WARN_INT_CONVERSION = YES;
				CLANG_WARN_NON_LITERAL_NULL_CONVERSION = YES;
				CLANG_WARN_OBJC_LITERAL_CONVERSION = YES;
				CLANG_WARN_OBJC_ROOT_CLASS = YES_ERROR;
				CLANG_WARN_RANGE_LOOP_ANALYSIS = YES;
				CLANG_WARN_STRICT_PROTOTYPES = YES;
				CLANG_WARN_SUSPICIOUS_MOVE = YES;
				CLANG_WARN_UNGUARDED_AVAILABILITY = YES_AGGRESSIVE;
				CLANG_WARN_UNREACHABLE_CODE = YES;
				CLANG_WARN__DUPLICATE_METHOD_MATCH = YES;
				CODE_SIGN_IDENTITY = "iPhone Developer";
				COPY_PHASE_STRIP = NO;
				DEBUG_INFORMATION_FORMAT = "dwarf-with-dsym";
				ENABLE_NS_ASSERTIONS = NO;
				ENABLE_STRICT_OBJC_MSGSEND = YES;
				GCC_C_LANGUAGE_STANDARD = gnu11;
				GCC_NO_COMMON_BLOCKS = YES;
				GCC_WARN_64_TO_32_BIT_CONVERSION = YES;
				GCC_WARN_ABOUT_RETURN_TYPE = YES_ERROR;
				GCC_WARN_UNDECLARED_SELECTOR = YES;
				GCC_WARN_UNINITIALIZED_AUTOS = YES_AGGRESSIVE;
				GCC_WARN_UNUSED_FUNCTION = YES;
				GCC_WARN_UNUSED_VARIABLE = YES;
				IPHONEOS_DEPLOYMENT_TARGET = 9.0;
				MTL_ENABLE_DEBUG_INFO = NO;
				SDKROOT = iphoneos;
				VALIDATE_PRODUCT = YES;
			};
			name = Release;
		};
		71D8F3861FB7A97B0000973C /* Debug */ = {
			isa = XCBuildConfiguration;
			buildSettings = {
				CLANG_ENABLE_MODULES = YES;
				CODE_SIGN_STYLE = Automatic;
				DEVELOPMENT_TEAM = 3UK2WGC8YX;
				FRAMEWORK_SEARCH_PATHS = (
					"$(SRCROOT)/../../../ios/Pods/**",
					"$(SRCROOT)/../../../../ios/Pods",
					"$(SRCROOT)/../../../node_modules/react-native-swift-registry/ios",
					"$(SRCROOT)/../../../../node_modules/react-native-swift-registry/ios",
				);
				HEADER_SEARCH_PATHS = (
					"$(inherited)",
					"$(SRCROOT)/../../../ios/Pods/**",
					"$(SRCROOT)/../../../../ios/Pods",
				);
				LD_RUNPATH_SEARCH_PATHS = "$(inherited) @executable_path/Frameworks @loader_path/Frameworks";
				OTHER_LDFLAGS = "-ObjC";
				PRODUCT_NAME = "$(TARGET_NAME)";
				SKIP_INSTALL = YES;
				SWIFT_OBJC_BRIDGING_HEADER = "rn-Bridging-Header.h";
				SWIFT_OPTIMIZATION_LEVEL = "-Onone";
				SWIFT_VERSION = 4.0;
				TARGETED_DEVICE_FAMILY = "1,2";
			};
			name = Debug;
		};
		71D8F3871FB7A97B0000973C /* Release */ = {
			isa = XCBuildConfiguration;
			buildSettings = {
				CLANG_ENABLE_MODULES = YES;
				CODE_SIGN_STYLE = Automatic;
				DEVELOPMENT_TEAM = 3UK2WGC8YX;
				FRAMEWORK_SEARCH_PATHS = (
					"$(SRCROOT)/../../../ios/Pods/**",
					"$(SRCROOT)/../../../../ios/Pods",
					"$(SRCROOT)/../../../node_modules/react-native-swift-registry/ios",
					"$(SRCROOT)/../../../../node_modules/react-native-swift-registry/ios",
				);
				HEADER_SEARCH_PATHS = (
					"$(inherited)",
					"$(SRCROOT)/../../../ios/Pods/**",
					"$(SRCROOT)/../../../../ios/Pods",
				);
				LD_RUNPATH_SEARCH_PATHS = "$(inherited) @executable_path/Frameworks @loader_path/Frameworks";
				OTHER_LDFLAGS = "-ObjC";
				PRODUCT_NAME = "$(TARGET_NAME)";
				SKIP_INSTALL = YES;
				SWIFT_OBJC_BRIDGING_HEADER = "rn-Bridging-Header.h";
				SWIFT_VERSION = 4.0;
				TARGETED_DEVICE_FAMILY = "1,2";
			};
			name = Release;
		};
/* End XCBuildConfiguration section */

/* Begin XCConfigurationList section */
		71D8F3771FB7A97B0000973C /* Build configuration list for PBXProject "RNSegmentedPicker" */ = {
			isa = XCConfigurationList;
			buildConfigurations = (
				71D8F3831FB7A97B0000973C /* Debug */,
				71D8F3841FB7A97B0000973C /* Release */,
			);
			defaultConfigurationIsVisible = 0;
			defaultConfigurationName = Release;
		};
		71D8F3851FB7A97B0000973C /* Build configuration list for PBXNativeTarget "RNSegmentedPicker" */ = {
			isa = XCConfigurationList;
			buildConfigurations = (
				71D8F3861FB7A97B0000973C /* Debug */,
				71D8F3871FB7A97B0000973C /* Release */,
			);
			defaultConfigurationIsVisible = 0;
			defaultConfigurationName = Release;
		};
/* End XCConfigurationList section */
	};
	rootObject = 71D8F3741FB7A97B0000973C /* Project object */;
}
